# This file is generated by running "yarn install" inside your project.
# Manual changes might be lost - proceed with caution!

__metadata:
  version: 8
  cacheKey: 10c0

"@next/env@npm:13.0.0":
  version: 13.0.0
  resolution: "@next/env@npm:13.0.0"
  checksum: 10c0/8aa0a4b4429b56640e357f4779b29d0c6c90fd758e60f85e5dde622db739968944850381006567729e19e9f7302e5354b266af13b559a40c278ddd47f7213768
  languageName: node
  linkType: hard

"@next/swc-android-arm-eabi@npm:13.0.0":
  version: 13.0.0
  resolution: "@next/swc-android-arm-eabi@npm:13.0.0"
  conditions: os=android & cpu=arm
  languageName: node
  linkType: hard

"@next/swc-android-arm64@npm:13.0.0":
  version: 13.0.0
  resolution: "@next/swc-android-arm64@npm:13.0.0"
  conditions: os=android & cpu=arm64
  languageName: node
  linkType: hard

"@next/swc-darwin-arm64@npm:13.0.0":
  version: 13.0.0
  resolution: "@next/swc-darwin-arm64@npm:13.0.0"
  conditions: os=darwin & cpu=arm64
  languageName: node
  linkType: hard

"@next/swc-darwin-x64@npm:13.0.0":
  version: 13.0.0
  resolution: "@next/swc-darwin-x64@npm:13.0.0"
  conditions: os=darwin & cpu=x64
  languageName: node
  linkType: hard

"@next/swc-freebsd-x64@npm:13.0.0":
  version: 13.0.0
  resolution: "@next/swc-freebsd-x64@npm:13.0.0"
  conditions: os=freebsd & cpu=x64
  languageName: node
  linkType: hard

"@next/swc-linux-arm-gnueabihf@npm:13.0.0":
  version: 13.0.0
  resolution: "@next/swc-linux-arm-gnueabihf@npm:13.0.0"
  conditions: os=linux & cpu=arm
  languageName: node
  linkType: hard

"@next/swc-linux-arm64-gnu@npm:13.0.0":
  version: 13.0.0
  resolution: "@next/swc-linux-arm64-gnu@npm:13.0.0"
  conditions: os=linux & cpu=arm64 & libc=glibc
  languageName: node
  linkType: hard

"@next/swc-linux-arm64-musl@npm:13.0.0":
  version: 13.0.0
  resolution: "@next/swc-linux-arm64-musl@npm:13.0.0"
  conditions: os=linux & cpu=arm64 & libc=musl
  languageName: node
  linkType: hard

"@next/swc-linux-x64-gnu@npm:13.0.0":
  version: 13.0.0
  resolution: "@next/swc-linux-x64-gnu@npm:13.0.0"
  conditions: os=linux & cpu=x64 & libc=glibc
  languageName: node
  linkType: hard

"@next/swc-linux-x64-musl@npm:13.0.0":
  version: 13.0.0
  resolution: "@next/swc-linux-x64-musl@npm:13.0.0"
  conditions: os=linux & cpu=x64 & libc=musl
  languageName: node
  linkType: hard

"@next/swc-win32-arm64-msvc@npm:13.0.0":
  version: 13.0.0
  resolution: "@next/swc-win32-arm64-msvc@npm:13.0.0"
  conditions: os=win32 & cpu=arm64
  languageName: node
  linkType: hard

"@next/swc-win32-ia32-msvc@npm:13.0.0":
  version: 13.0.0
  resolution: "@next/swc-win32-ia32-msvc@npm:13.0.0"
  conditions: os=win32 & cpu=ia32
  languageName: node
  linkType: hard

"@next/swc-win32-x64-msvc@npm:13.0.0":
  version: 13.0.0
  resolution: "@next/swc-win32-x64-msvc@npm:13.0.0"
  conditions: os=win32 & cpu=x64
  languageName: node
  linkType: hard

"@swc/helpers@npm:0.4.11":
  version: 0.4.11
  resolution: "@swc/helpers@npm:0.4.11"
  dependencies:
    tslib: "npm:^2.4.0"
  checksum: 10c0/8806dda1f3cc243d80b1270405142563ed425350f9f4c7cfdd84967ead094878a3135b7ca1185052af0faef99982e57bb22e7f5fa80f1e9a3dab20e9e1051dfc
  languageName: node
  linkType: hard

"@types/node@npm:18.11.8":
  version: 18.11.8
  resolution: "@types/node@npm:18.11.8"
  checksum: 10c0/694191188e0c2d56229c1f6ae453590f4bf0c073ba59b7e6ca5a38e1db931dfdd5907d192f5ef08b1cb8f0049a6b8ca0a078f1ddc6402f60d5e0b4e02c32a81f
  languageName: node
  linkType: hard

"@types/prop-types@npm:*":
  version: 15.7.12
  resolution: "@types/prop-types@npm:15.7.12"
  checksum: 10c0/1babcc7db6a1177779f8fde0ccc78d64d459906e6ef69a4ed4dd6339c920c2e05b074ee5a92120fe4e9d9f1a01c952f843ebd550bee2332fc2ef81d1706878f8
  languageName: node
  linkType: hard

"@types/react-dom@npm:^18":
  version: 18.3.0
  resolution: "@types/react-dom@npm:18.3.0"
  dependencies:
    "@types/react": "npm:*"
  checksum: 10c0/6c90d2ed72c5a0e440d2c75d99287e4b5df3e7b011838cdc03ae5cd518ab52164d86990e73246b9d812eaf02ec351d74e3b4f5bd325bf341e13bf980392fd53b
  languageName: node
  linkType: hard

"@types/react@npm:*, @types/react@npm:^18":
  version: 18.3.3
  resolution: "@types/react@npm:18.3.3"
  dependencies:
    "@types/prop-types": "npm:*"
    csstype: "npm:^3.0.2"
  checksum: 10c0/fe455f805c5da13b89964c3d68060cebd43e73ec15001a68b34634604a78140e6fc202f3f61679b9d809dde6d7a7c2cb3ed51e0fd1462557911db09879b55114
  languageName: node
  linkType: hard

"@types/react@npm:18.0.24":
  version: 18.0.24
  resolution: "@types/react@npm:18.0.24"
  dependencies:
    "@types/prop-types": "npm:*"
    "@types/scheduler": "npm:*"
    csstype: "npm:^3.0.2"
  checksum: 10c0/8ea907a8f944421a120f4db9fe52fe3752837e11031ff16b866e835adebb09b2b2ca3ac5f8aa622683778f6d40f791a369c9008c45537c1a7eb64347648fae3c
  languageName: node
  linkType: hard

"@types/scheduler@npm:*":
  version: 0.23.0
  resolution: "@types/scheduler@npm:0.23.0"
  checksum: 10c0/5cf7f2ba3732b74877559eb20b19f95fcd0a20c17dcb20e75a7ca7c7369cd455aeb2d406b3ff5a38168a9750da3bad78dd20d96d11118468b78f4959b8e56090
  languageName: node
  linkType: hard

"caniuse-lite@npm:^1.0.30001406":
  version: 1.0.30001626
  resolution: "caniuse-lite@npm:1.0.30001626"
  checksum: 10c0/112c7219fbfefb5f1d8c05194712ea08093daee7f245896bba9750c7512443178ac1e8de581b4e7868415c4cef28d7577c0078ed170e8d2deff948eb16aa761a
  languageName: node
  linkType: hard

"client-only@npm:0.0.1":
  version: 0.0.1
  resolution: "client-only@npm:0.0.1"
  checksum: 10c0/9d6cfd0c19e1c96a434605added99dff48482152af791ec4172fb912a71cff9027ff174efd8cdb2160cc7f377543e0537ffc462d4f279bc4701de3f2a3c4b358
  languageName: node
  linkType: hard

"common@workspace:*, common@workspace:packages/common":
  version: 0.0.0-use.local
  resolution: "common@workspace:packages/common"
  dependencies:
    "@types/node": "npm:18.11.8"
    "@types/react": "npm:18.0.24"
    react: "npm:18.2.0"
    typescript: "npm:4.8.4"
  languageName: unknown
  linkType: soft

"csstype@npm:^3.0.2":
  version: 3.1.3
  resolution: "csstype@npm:3.1.3"
  checksum: 10c0/80c089d6f7e0c5b2bd83cf0539ab41474198579584fa10d86d0cafe0642202343cbc119e076a0b1aece191989477081415d66c9fefbf3c957fc2fc4b7009f248
  languageName: node
  linkType: hard

"js-tokens@npm:^3.0.0 || ^4.0.0":
  version: 4.0.0
  resolution: "js-tokens@npm:4.0.0"
  checksum: 10c0/e248708d377aa058eacf2037b07ded847790e6de892bbad3dac0abba2e759cb9f121b00099a65195616badcb6eca8d14d975cb3e89eb1cfda644756402c8aeed
  languageName: node
  linkType: hard

"loose-envify@npm:^1.1.0":
  version: 1.4.0
  resolution: "loose-envify@npm:1.4.0"
  dependencies:
    js-tokens: "npm:^3.0.0 || ^4.0.0"
  bin:
    loose-envify: cli.js
  checksum: 10c0/655d110220983c1a4b9c0c679a2e8016d4b67f6e9c7b5435ff5979ecdb20d0813f4dec0a08674fcbdd4846a3f07edbb50a36811fd37930b94aaa0d9daceb017e
  languageName: node
  linkType: hard

"monorepo@workspace:.":
  version: 0.0.0-use.local
  resolution: "monorepo@workspace:."
  languageName: unknown
  linkType: soft

"nanoid@npm:^3.3.4":
  version: 3.3.7
  resolution: "nanoid@npm:3.3.7"
  bin:
    nanoid: bin/nanoid.cjs
  checksum: 10c0/e3fb661aa083454f40500473bb69eedb85dc160e763150b9a2c567c7e9ff560ce028a9f833123b618a6ea742e311138b591910e795614a629029e86e180660f3
  languageName: node
  linkType: hard

"next@npm:13.0.0":
  version: 13.0.0
  resolution: "next@npm:13.0.0"
  dependencies:
    "@next/env": "npm:13.0.0"
    "@next/swc-android-arm-eabi": "npm:13.0.0"
    "@next/swc-android-arm64": "npm:13.0.0"
    "@next/swc-darwin-arm64": "npm:13.0.0"
    "@next/swc-darwin-x64": "npm:13.0.0"
    "@next/swc-freebsd-x64": "npm:13.0.0"
    "@next/swc-linux-arm-gnueabihf": "npm:13.0.0"
    "@next/swc-linux-arm64-gnu": "npm:13.0.0"
    "@next/swc-linux-arm64-musl": "npm:13.0.0"
    "@next/swc-linux-x64-gnu": "npm:13.0.0"
    "@next/swc-linux-x64-musl": "npm:13.0.0"
    "@next/swc-win32-arm64-msvc": "npm:13.0.0"
    "@next/swc-win32-ia32-msvc": "npm:13.0.0"
    "@next/swc-win32-x64-msvc": "npm:13.0.0"
    "@swc/helpers": "npm:0.4.11"
    caniuse-lite: "npm:^1.0.30001406"
    postcss: "npm:8.4.14"
    styled-jsx: "npm:5.1.0"
    use-sync-external-store: "npm:1.2.0"
  peerDependencies:
    fibers: ">= 3.1.0"
    node-sass: ^6.0.0 || ^7.0.0
    react: ^18.0.0-0
    react-dom: ^18.0.0-0
    sass: ^1.3.0
  dependenciesMeta:
    "@next/swc-android-arm-eabi":
      optional: true
    "@next/swc-android-arm64":
      optional: true
    "@next/swc-darwin-arm64":
      optional: true
    "@next/swc-darwin-x64":
      optional: true
    "@next/swc-freebsd-x64":
      optional: true
    "@next/swc-linux-arm-gnueabihf":
      optional: true
    "@next/swc-linux-arm64-gnu":
      optional: true
    "@next/swc-linux-arm64-musl":
      optional: true
    "@next/swc-linux-x64-gnu":
      optional: true
    "@next/swc-linux-x64-musl":
      optional: true
    "@next/swc-win32-arm64-msvc":
      optional: true
    "@next/swc-win32-ia32-msvc":
      optional: true
    "@next/swc-win32-x64-msvc":
      optional: true
  peerDependenciesMeta:
    fibers:
      optional: true
    node-sass:
      optional: true
    sass:
      optional: true
  bin:
    next: dist/bin/next
  checksum: 10c0/7055b2c719c216a84fc10616cbc936950d21e68a0bb1b7313105fd344eda8b9c2587ca784dbcaa0304ffc343bf891fb916068f20d6e54f85817ee09a2dccf502
  languageName: node
  linkType: hard

"picocolors@npm:^1.0.0":
  version: 1.0.1
  resolution: "picocolors@npm:1.0.1"
  checksum: 10c0/c63cdad2bf812ef0d66c8db29583802355d4ca67b9285d846f390cc15c2f6ccb94e8cb7eb6a6e97fc5990a6d3ad4ae42d86c84d3146e667c739a4234ed50d400
  languageName: node
  linkType: hard

"postcss@npm:8.4.14":
  version: 8.4.14
  resolution: "postcss@npm:8.4.14"
  dependencies:
    nanoid: "npm:^3.3.4"
    picocolors: "npm:^1.0.0"
    source-map-js: "npm:^1.0.2"
  checksum: 10c0/2a4cfa28e2f1bfd358313501f7771bd596e494487c7b735c492e2f8b1faf493d24fcb43e2e6ad825863fc65a77abb949ca8f228602ae46a022f02dc812c4ac8b
  languageName: node
  linkType: hard

"react-dom@npm:18.2.0":
  version: 18.2.0
  resolution: "react-dom@npm:18.2.0"
  dependencies:
    loose-envify: "npm:^1.1.0"
    scheduler: "npm:^0.23.0"
  peerDependencies:
    react: ^18.2.0
  checksum: 10c0/66dfc5f93e13d0674e78ef41f92ed21dfb80f9c4ac4ac25a4b51046d41d4d2186abc915b897f69d3d0ebbffe6184e7c5876f2af26bfa956f179225d921be713a
  languageName: node
  linkType: hard

"react@npm:18.2.0":
  version: 18.2.0
  resolution: "react@npm:18.2.0"
  dependencies:
    loose-envify: "npm:^1.1.0"
  checksum: 10c0/b562d9b569b0cb315e44b48099f7712283d93df36b19a39a67c254c6686479d3980b7f013dc931f4a5a3ae7645eae6386b4aa5eea933baa54ecd0f9acb0902b8
  languageName: node
  linkType: hard

"scheduler@npm:^0.23.0":
  version: 0.23.2
  resolution: "scheduler@npm:0.23.2"
  dependencies:
    loose-envify: "npm:^1.1.0"
  checksum: 10c0/26383305e249651d4c58e6705d5f8425f153211aef95f15161c151f7b8de885f24751b377e4a0b3dd42cce09aad3f87a61dab7636859c0d89b7daf1a1e2a5c78
  languageName: node
  linkType: hard

"source-map-js@npm:^1.0.2":
  version: 1.2.0
  resolution: "source-map-js@npm:1.2.0"
  checksum: 10c0/7e5f896ac10a3a50fe2898e5009c58ff0dc102dcb056ed27a354623a0ece8954d4b2649e1a1b2b52ef2e161d26f8859c7710350930751640e71e374fe2d321a4
  languageName: node
  linkType: hard

"styled-jsx@npm:5.1.0":
  version: 5.1.0
  resolution: "styled-jsx@npm:5.1.0"
  dependencies:
    client-only: "npm:0.0.1"
  peerDependencies:
    react: ">= 16.8.0 || 17.x.x || ^18.0.0-0"
  peerDependenciesMeta:
    "@babel/core":
      optional: true
    babel-plugin-macros:
      optional: true
  checksum: 10c0/32caa4d0ccae0ed82d666127f9230e0608d1922ce4383572d2446de47c258eeb9ebe138271ded50a74846a41fc0e49a6894c9333ecf170231e5a8292083ccfae
  languageName: node
  linkType: hard

"system@workspace:packages/system":
  version: 0.0.0-use.local
  resolution: "system@workspace:packages/system"
  dependencies:
    "@types/react": "npm:^18"
    "@types/react-dom": "npm:^18"
    common: "workspace:*"
    next: "npm:13.0.0"
    react: "npm:18.2.0"
    react-dom: "npm:18.2.0"
    typescript: "npm:4.8.4"
  languageName: unknown
  linkType: soft

"tslib@npm:^2.4.0":
  version: 2.6.2
  resolution: "tslib@npm:2.6.2"
  checksum: 10c0/e03a8a4271152c8b26604ed45535954c0a45296e32445b4b87f8a5abdb2421f40b59b4ca437c4346af0f28179780d604094eb64546bee2019d903d01c6c19bdb
  languageName: node
  linkType: hard

"typescript@npm:4.8.4":
  version: 4.8.4
  resolution: "typescript@npm:4.8.4"
  bin:
    tsc: bin/tsc
    tsserver: bin/tsserver
  checksum: 10c0/663bf455b21ac024e719bb8c6a07bcaaa027a9943abfb58a694b59789e7d08578badb5556170267ad480e31786b8b4c8ab3c9c0e597d3b8df39af800e43c6ed5
  languageName: node
  linkType: hard

"typescript@patch:typescript@npm%3A4.8.4#optional!builtin<compat/typescript>":
  version: 4.8.4
  resolution: "typescript@patch:typescript@npm%3A4.8.4#optional!builtin<compat/typescript>::version=4.8.4&hash=1a91c8"
  bin:
    tsc: bin/tsc
    tsserver: bin/tsserver
  checksum: 10c0/eecab597a5a8c6e7f14804f1447cfce02e214e32c02efcfe5219c94290e3d572490e8a0d8033fd075ac429d35babf85182541a50c50bfb0c21df33c59fb9bf82
  languageName: node
  linkType: hard

"use-sync-external-store@npm:1.2.0":
  version: 1.2.0
  resolution: "use-sync-external-store@npm:1.2.0"
  peerDependencies:
    react: ^16.8.0 || ^17.0.0 || ^18.0.0
  checksum: 10c0/ac4814e5592524f242921157e791b022efe36e451fe0d4fd4d204322d5433a4fc300d63b0ade5185f8e0735ded044c70bcf6d2352db0f74d097a238cebd2da02
  languageName: node
  linkType: hard
